
Microsoft Visual Studio Solution File, Format Version 12.00
# Visual Studio 15
VisualStudioVersion = 15.0.28307.168
MinimumVisualStudioVersion = 10.0.40219.1
Project("{FAE04EC0-301F-11D3-BF4B-00C04F79EFBC}") = "testApp", "testApp\testApp.csproj", "{0DF278B3-77B5-4296-91E2-5727A34EE09F}"
EndProject
Global
	GlobalSection(SolutionConfigurationPlatforms) = preSolution
		Debug|Any CPU = Debug|Any CPU
		Release|Any CPU = Release|Any CPU
	EndGlobalSection
	GlobalSection(ProjectConfigurationPlatforms) = postSolution
		{0DF278B3-77B5-4296-91E2-5727A34EE09F}.Debug|Any CPU.ActiveCfg = Debug|Any CPU
		{0DF278B3-77B5-4296-91E2-5727A34EE09F}.Debug|Any CPU.Build.0 = Debug|Any CPU
		{0DF278B3-77B5-4296-91E2-5727A34EE09F}.Release|Any CPU.ActiveCfg = Release|Any CPU
		{0DF278B3-77B5-4296-91E2-5727A34EE09F}.Release|Any CPU.Build.0 = Release|Any CPU
	EndGlobalSection
	GlobalSection(SolutionProperties) = preSolution
		HideSolutionNode = FALSE
	EndGlobalSection
	GlobalSection(ExtensibilityGlobals) = postSolution
		SolutionGuid = {71FFA252-CD6E-4E04-B222-B6466C35E77E}
	EndGlobalSection
EndGlobal
